
Microsoft Visual Studio Solution File, Format Version 12.00
Project("{FAE04EC0-301F-11D3-BF4B-00C04F79EFBC}") = "MLambda.Image.Abstract", "MLambda.Image.Abstract\MLambda.Image.Abstract.csproj", "{5C0A0DCB-CBE0-4AFC-AC6C-BC868AAB659A}"
EndProject
Project("{FAE04EC0-301F-11D3-BF4B-00C04F79EFBC}") = "MLambda.Image.Service", "MLambda.Image.Service\MLambda.Image.Service.csproj", "{C99566C4-8C85-4F23-B609-E8B169E1440B}"
EndProject
Project("{FAE04EC0-301F-11D3-BF4B-00C04F79EFBC}") = "MLambda.Image", "MLambda.Image\MLambda.Image.csproj", "{A1714915-3344-4B16-AEF0-D301C2C2F63A}"
EndProject
Global
	GlobalSection(SolutionConfigurationPlatforms) = preSolution
		Debug|Any CPU = Debug|Any CPU
		Release|Any CPU = Release|Any CPU
	EndGlobalSection
	GlobalSection(ProjectConfigurationPlatforms) = postSolution
		{5C0A0DCB-CBE0-4AFC-AC6C-BC868AAB659A}.Debug|Any CPU.ActiveCfg = Debug|Any CPU
		{5C0A0DCB-CBE0-4AFC-AC6C-BC868AAB659A}.Debug|Any CPU.Build.0 = Debug|Any CPU
		{5C0A0DCB-CBE0-4AFC-AC6C-BC868AAB659A}.Release|Any CPU.ActiveCfg = Release|Any CPU
		{5C0A0DCB-CBE0-4AFC-AC6C-BC868AAB659A}.Release|Any CPU.Build.0 = Release|Any CPU
		{C99566C4-8C85-4F23-B609-E8B169E1440B}.Debug|Any CPU.ActiveCfg = Debug|Any CPU
		{C99566C4-8C85-4F23-B609-E8B169E1440B}.Debug|Any CPU.Build.0 = Debug|Any CPU
		{C99566C4-8C85-4F23-B609-E8B169E1440B}.Release|Any CPU.ActiveCfg = Release|Any CPU
		{C99566C4-8C85-4F23-B609-E8B169E1440B}.Release|Any CPU.Build.0 = Release|Any CPU
		{A1714915-3344-4B16-AEF0-D301C2C2F63A}.Debug|Any CPU.ActiveCfg = Debug|Any CPU
		{A1714915-3344-4B16-AEF0-D301C2C2F63A}.Debug|Any CPU.Build.0 = Debug|Any CPU
		{A1714915-3344-4B16-AEF0-D301C2C2F63A}.Release|Any CPU.ActiveCfg = Release|Any CPU
		{A1714915-3344-4B16-AEF0-D301C2C2F63A}.Release|Any CPU.Build.0 = Release|Any CPU
	EndGlobalSection
EndGlobal
